{
    "_meta": {
        "hash": {
            "sha256": "a71c5bdcf3efb8f0e2f258a14f890bf13fe87e359e5bca554417b2e1181df59a"
        },
        "pipfile-spec": 6,
        "requires": {
            "python_version": "3.6"
        },
        "sources": [
            {
                "name": "pypi",
                "url": "https://pypi.org/simple",
                "verify_ssl": true
            }
        ]
    },
    "default": {
        "antlr4-python3-runtime": {
            "hashes": [
                "sha256:1b26b72c4492cef310542da10bf6b2ab4aa1775618fc6003f75b55ae9eaa3fd3"
            ],
            "index": "pypi",
            "version": "==4.7.1"
        },
        "graphviz": {
            "hashes": [
                "sha256:4958a19cbd8461757a08db308a4a15c3d586660417e1e364f0107d2fe481689f",
                "sha256:7caa53f0b0be42c5f2eaa3f3d71dcc863b15bacceb5d531c2ad7519e1980ff82"
            ],
            "index": "pypi",
            "version": "==0.8.4"
        },
        "pybuilder": {
            "hashes": [
                "sha256:3d5c33ebd1028f078cb6bff56ead5eecdb3b3cf32dc3ce6fad99b0bbaa44e65d",
                "sha256:ea740e0c4794935a401b4f19d67b34c660d6f0147bb135c6918a5c8c563dade9"
            ],
            "index": "pypi",
            "version": "==0.11.17"
        },
        "tailer": {
            "hashes": [
                "sha256:78d60f23a1b8a2d32f400b3c8c06b01142ac7841b75d8a1efcb33515877ba531"
            ],
            "version": "==0.4.1"
        },
        "tblib": {
            "hashes": [
                "sha256:436e4200e63d92316551179dc540906652878df4ff39b43db30fcf6400444fe7",
                "sha256:9bae4b8c44b06af0e114bfc4d5f6aa3eafd2119af5a4dcab34f51f1665f16c59"
            ],
            "version": "==1.3.2"
        },
        "wheel": {
            "hashes": [
                "sha256:0a2e54558a0628f2145d2fc822137e322412115173e8a2ddbe1c9024338ae83c",
                "sha256:80044e51ec5bbf6c894ba0bc48d26a8c20a9ba629f4ca19ea26ecfcf87685f5f"
            ],
            "markers": "python_version >= '2.7' and python_version != '3.0.*' and python_version != '3.1.*' and python_version != '3.3.*' and python_version != '3.2.*'",
            "version": "==0.31.1"
        }
    },
    "develop": {}
}
